
Microsoft Visual Studio Solution File, Format Version 12.00
# Visual Studio Version 17
VisualStudioVersion = 17.5.33516.290
MinimumVisualStudioVersion = 10.0.40219.1
Project("{8BC9CEB8-8B4A-11D0-8D11-00A0C91BC942}") = "GP　シューティングゲーム制作", "GP　シューティングゲーム制作.vcxproj", "{582C8A9B-5ADD-476D-BC4E-B7180BB2579E}"
EndProject
Global
	GlobalSection(SolutionConfigurationPlatforms) = preSolution
		Debug|x64 = Debug|x64
		Debug|x86 = Debug|x86
		Release|x64 = Release|x64
		Release|x86 = Release|x86
	EndGlobalSection
	GlobalSection(ProjectConfigurationPlatforms) = postSolution
		{582C8A9B-5ADD-476D-BC4E-B7180BB2579E}.Debug|x64.ActiveCfg = Debug|x64
		{582C8A9B-5ADD-476D-BC4E-B7180BB2579E}.Debug|x64.Build.0 = Debug|x64
		{582C8A9B-5ADD-476D-BC4E-B7180BB2579E}.Debug|x86.ActiveCfg = Debug|Win32
		{582C8A9B-5ADD-476D-BC4E-B7180BB2579E}.Debug|x86.Build.0 = Debug|Win32
		{582C8A9B-5ADD-476D-BC4E-B7180BB2579E}.Release|x64.ActiveCfg = Release|x64
		{582C8A9B-5ADD-476D-BC4E-B7180BB2579E}.Release|x64.Build.0 = Release|x64
		{582C8A9B-5ADD-476D-BC4E-B7180BB2579E}.Release|x86.ActiveCfg = Release|Win32
		{582C8A9B-5ADD-476D-BC4E-B7180BB2579E}.Release|x86.Build.0 = Release|Win32
	EndGlobalSection
	GlobalSection(SolutionProperties) = preSolution
		HideSolutionNode = FALSE
	EndGlobalSection
	GlobalSection(ExtensibilityGlobals) = postSolution
		SolutionGuid = {F08C959A-4B97-4575-8183-B93ED04193E9}
	EndGlobalSection
EndGlobal
